Microsoft Visual Studio Solution File, Format Version 10.00
# Visual Studio 2008
Project("{8BC9CEB8-8B4A-11D0-8D11-00A0C91BC942}") = "ARX_SCRIPT_DEBUGGER", "DANAE_Debugger\ARX_SCRIPT_DEBUGGER.vcproj", "{84753E0F-698C-464F-8DFE-2580CB9D0140}"
EndProject
Project("{8BC9CEB8-8B4A-11D0-8D11-00A0C91BC942}") = "Athena", "Athena\Athena.vcproj", "{507403F3-A5B9-4D0B-B6DB-8BAD9FAB08F4}"
	ProjectSection(ProjectDependencies) = postProject
		{84753E0F-698C-464F-8DFE-2580CB9D0140} = {84753E0F-698C-464F-8DFE-2580CB9D0140}
		{3AB223A0-A6D1-4F62-BA2A-B6B733973DAD} = {3AB223A0-A6D1-4F62-BA2A-B6B733973DAD}
		{484E5EF3-26DB-4679-A6A9-4A90ED1983ED} = {484E5EF3-26DB-4679-A6A9-4A90ED1983ED}
	EndProjectSection
EndProject
Project("{8BC9CEB8-8B4A-11D0-8D11-00A0C91BC942}") = "DANAE", "DANAE\DANAE.vcproj", "{682AE1D0-6389-487E-9F83-A52FAA741E2C}"
	ProjectSection(ProjectDependencies) = postProject
		{84753E0F-698C-464F-8DFE-2580CB9D0140} = {84753E0F-698C-464F-8DFE-2580CB9D0140}
		{07188491-4E2D-4B70-8E82-172E1DA43419} = {07188491-4E2D-4B70-8E82-172E1DA43419}
		{3AB223A0-A6D1-4F62-BA2A-B6B733973DAD} = {3AB223A0-A6D1-4F62-BA2A-B6B733973DAD}
		{6C4F62A3-5950-4B28-A550-DC9D97B95D38} = {6C4F62A3-5950-4B28-A550-DC9D97B95D38}
		{21DC8DBB-570A-4A13-B67E-56C08B5DF997} = {21DC8DBB-570A-4A13-B67E-56C08B5DF997}
		{507403F3-A5B9-4D0B-B6DB-8BAD9FAB08F4} = {507403F3-A5B9-4D0B-B6DB-8BAD9FAB08F4}
		{484E5EF3-26DB-4679-A6A9-4A90ED1983ED} = {484E5EF3-26DB-4679-A6A9-4A90ED1983ED}
	EndProjectSection
EndProject
Project("{8BC9CEB8-8B4A-11D0-8D11-00A0C91BC942}") = "EErie", "EERIE\EErie.vcproj", "{07188491-4E2D-4B70-8E82-172E1DA43419}"
	ProjectSection(ProjectDependencies) = postProject
		{84753E0F-698C-464F-8DFE-2580CB9D0140} = {84753E0F-698C-464F-8DFE-2580CB9D0140}
		{3AB223A0-A6D1-4F62-BA2A-B6B733973DAD} = {3AB223A0-A6D1-4F62-BA2A-B6B733973DAD}
		{484E5EF3-26DB-4679-A6A9-4A90ED1983ED} = {484E5EF3-26DB-4679-A6A9-4A90ED1983ED}
	EndProjectSection
EndProject
Project("{8BC9CEB8-8B4A-11D0-8D11-00A0C91BC942}") = "HERMES", "HERMES\HERMES.vcproj", "{484E5EF3-26DB-4679-A6A9-4A90ED1983ED}"
	ProjectSection(ProjectDependencies) = postProject
		{84753E0F-698C-464F-8DFE-2580CB9D0140} = {84753E0F-698C-464F-8DFE-2580CB9D0140}
		{3AB223A0-A6D1-4F62-BA2A-B6B733973DAD} = {3AB223A0-A6D1-4F62-BA2A-B6B733973DAD}
	EndProjectSection
EndProject
Project("{8BC9CEB8-8B4A-11D0-8D11-00A0C91BC942}") = "MINOS", "MINOS\MINOS.vcproj", "{6C4F62A3-5950-4B28-A550-DC9D97B95D38}"
	ProjectSection(ProjectDependencies) = postProject
		{84753E0F-698C-464F-8DFE-2580CB9D0140} = {84753E0F-698C-464F-8DFE-2580CB9D0140}
		{3AB223A0-A6D1-4F62-BA2A-B6B733973DAD} = {3AB223A0-A6D1-4F62-BA2A-B6B733973DAD}
	EndProjectSection
EndProject
Project("{8BC9CEB8-8B4A-11D0-8D11-00A0C91BC942}") = "Mercury", "Mercury\Mercury.vcproj", "{21DC8DBB-570A-4A13-B67E-56C08B5DF997}"
	ProjectSection(ProjectDependencies) = postProject
		{84753E0F-698C-464F-8DFE-2580CB9D0140} = {84753E0F-698C-464F-8DFE-2580CB9D0140}
		{3AB223A0-A6D1-4F62-BA2A-B6B733973DAD} = {3AB223A0-A6D1-4F62-BA2A-B6B733973DAD}
	EndProjectSection
EndProject
Project("{8BC9CEB8-8B4A-11D0-8D11-00A0C91BC942}") = "ArxCommon", "ArxCommon\ArxCommon.vcproj", "{3AB223A0-A6D1-4F62-BA2A-B6B733973DAD}"
EndProject
Global
	GlobalSection(SolutionConfigurationPlatforms) = preSolution
		Debug|Win32 = Debug|Win32
		Release|Win32 = Release|Win32
	EndGlobalSection
	GlobalSection(ProjectConfigurationPlatforms) = postSolution
		{84753E0F-698C-464F-8DFE-2580CB9D0140}.Debug|Win32.ActiveCfg = Debug|Win32
		{84753E0F-698C-464F-8DFE-2580CB9D0140}.Debug|Win32.Build.0 = Debug|Win32
		{84753E0F-698C-464F-8DFE-2580CB9D0140}.Release|Win32.ActiveCfg = Release|Win32
		{84753E0F-698C-464F-8DFE-2580CB9D0140}.Release|Win32.Build.0 = Release|Win32
		{507403F3-A5B9-4D0B-B6DB-8BAD9FAB08F4}.Debug|Win32.ActiveCfg = Debug|Win32
		{507403F3-A5B9-4D0B-B6DB-8BAD9FAB08F4}.Debug|Win32.Build.0 = Debug|Win32
		{507403F3-A5B9-4D0B-B6DB-8BAD9FAB08F4}.Release|Win32.ActiveCfg = Release|Win32
		{507403F3-A5B9-4D0B-B6DB-8BAD9FAB08F4}.Release|Win32.Build.0 = Release|Win32
		{682AE1D0-6389-487E-9F83-A52FAA741E2C}.Debug|Win32.ActiveCfg = Debug|Win32
		{682AE1D0-6389-487E-9F83-A52FAA741E2C}.Debug|Win32.Build.0 = Debug|Win32
		{682AE1D0-6389-487E-9F83-A52FAA741E2C}.Release|Win32.ActiveCfg = Release|Win32
		{682AE1D0-6389-487E-9F83-A52FAA741E2C}.Release|Win32.Build.0 = Release|Win32
		{07188491-4E2D-4B70-8E82-172E1DA43419}.Debug|Win32.ActiveCfg = Debug|Win32
		{07188491-4E2D-4B70-8E82-172E1DA43419}.Debug|Win32.Build.0 = Debug|Win32
		{07188491-4E2D-4B70-8E82-172E1DA43419}.Release|Win32.ActiveCfg = Release|Win32
		{07188491-4E2D-4B70-8E82-172E1DA43419}.Release|Win32.Build.0 = Release|Win32
		{484E5EF3-26DB-4679-A6A9-4A90ED1983ED}.Debug|Win32.ActiveCfg = Debug|Win32
		{484E5EF3-26DB-4679-A6A9-4A90ED1983ED}.Debug|Win32.Build.0 = Debug|Win32
		{484E5EF3-26DB-4679-A6A9-4A90ED1983ED}.Release|Win32.ActiveCfg = Release|Win32
		{484E5EF3-26DB-4679-A6A9-4A90ED1983ED}.Release|Win32.Build.0 = Release|Win32
		{6C4F62A3-5950-4B28-A550-DC9D97B95D38}.Debug|Win32.ActiveCfg = Debug|Win32
		{6C4F62A3-5950-4B28-A550-DC9D97B95D38}.Debug|Win32.Build.0 = Debug|Win32
		{6C4F62A3-5950-4B28-A550-DC9D97B95D38}.Release|Win32.ActiveCfg = Release|Win32
		{6C4F62A3-5950-4B28-A550-DC9D97B95D38}.Release|Win32.Build.0 = Release|Win32
		{21DC8DBB-570A-4A13-B67E-56C08B5DF997}.Debug|Win32.ActiveCfg = Debug|Win32
		{21DC8DBB-570A-4A13-B67E-56C08B5DF997}.Debug|Win32.Build.0 = Debug|Win32
		{21DC8DBB-570A-4A13-B67E-56C08B5DF997}.Release|Win32.ActiveCfg = Release|Win32
		{21DC8DBB-570A-4A13-B67E-56C08B5DF997}.Release|Win32.Build.0 = Release|Win32
		{3AB223A0-A6D1-4F62-BA2A-B6B733973DAD}.Debug|Win32.ActiveCfg = Debug|Win32
		{3AB223A0-A6D1-4F62-BA2A-B6B733973DAD}.Debug|Win32.Build.0 = Debug|Win32
		{3AB223A0-A6D1-4F62-BA2A-B6B733973DAD}.Release|Win32.ActiveCfg = Release|Win32
		{3AB223A0-A6D1-4F62-BA2A-B6B733973DAD}.Release|Win32.Build.0 = Release|Win32
	EndGlobalSection
	GlobalSection(SolutionProperties) = preSolution
		HideSolutionNode = FALSE
	EndGlobalSection
EndGlobal
