<?xml version="1.0" encoding="utf-8"?>
<Project ToolsVersion="4.0" xmlns="http://schemas.microsoft.com/developer/msbuild/2003">
  <ItemGroup>
    <Filter Include="Source Files">
      <UniqueIdentifier>{b3d12753-47de-46c7-8e51-0af888b9a85b}</UniqueIdentifier>
      <Extensions>cpp;c;cxx;rc;def;r;odl;idl;hpj;bat</Extensions>
    </Filter>
    <Filter Include="Header Files">
      <UniqueIdentifier>{feb7dd92-ac77-49b8-b136-d58ed253525b}</UniqueIdentifier>
      <Extensions>h;hpp;hxx;hm;inl</Extensions>
    </Filter>
    <Filter Include="Resource Files">
      <UniqueIdentifier>{1c5ee815-40d9-4376-b7d0-7c2279bf12c1}</UniqueIdentifier>
      <Extensions>ico;cur;bmp;dlg;rc2;rct;bin;rgs;gif;jpg;jpeg;jpe</Extensions>
    </Filter>
    <Filter Include="Spells">
      <UniqueIdentifier>{cceb8ce0-914c-4c20-be39-1b90abd72426}</UniqueIdentifier>
    </Filter>
    <Filter Include="Particles">
      <UniqueIdentifier>{ca66ab94-bafd-46e0-a3e8-5f5d65ed527d}</UniqueIdentifier>
    </Filter>
    <Filter Include="Localisation">
      <UniqueIdentifier>{78ff1d14-7dc2-4f02-b02c-b2be522a9499}</UniqueIdentifier>
    </Filter>
    <Filter Include="Localisation\Config popup">
      <UniqueIdentifier>{a118ee36-f336-42b5-89c9-d99930f28b2a}</UniqueIdentifier>
    </Filter>
  </ItemGroup>
  <ItemGroup>
    <ClCompile Include="ARX_C_cinematique.cpp">
      <Filter>Source Files</Filter>
    </ClCompile>
    <ClCompile Include="ARX_C_fx.cpp">
      <Filter>Source Files</Filter>
    </ClCompile>
    <ClCompile Include="ARX_C_keyframer.cpp">
      <Filter>Source Files</Filter>
    </ClCompile>
    <ClCompile Include="ARX_C_loadsave.cpp">
      <Filter>Source Files</Filter>
    </ClCompile>
    <ClCompile Include="ARX_C_mapp.cpp">
      <Filter>Source Files</Filter>
    </ClCompile>
    <ClCompile Include="ARX_C_sound.cpp">
      <Filter>Source Files</Filter>
    </ClCompile>
    <ClCompile Include="ARX_carte.cpp">
      <Filter>Source Files</Filter>
    </ClCompile>
    <ClCompile Include="ARX_Cedric.cpp">
      <Filter>Source Files</Filter>
    </ClCompile>
    <ClCompile Include="ARX_ChangeLevel.cpp">
      <Filter>Source Files</Filter>
    </ClCompile>
    <ClCompile Include="ARX_Collisions.cpp">
      <Filter>Source Files</Filter>
    </ClCompile>
    <ClCompile Include="ARX_Damages.cpp">
      <Filter>Source Files</Filter>
    </ClCompile>
    <ClCompile Include="ARX_Draw.cpp">
      <Filter>Source Files</Filter>
    </ClCompile>
    <ClCompile Include="ARX_Equipment.cpp">
      <Filter>Source Files</Filter>
    </ClCompile>
    <ClCompile Include="ARX_Fogs.cpp">
      <Filter>Source Files</Filter>
    </ClCompile>
    <ClCompile Include="ARX_FTL.cpp">
      <Filter>Source Files</Filter>
    </ClCompile>
    <ClCompile Include="ARX_GlobalMods.cpp">
      <Filter>Source Files</Filter>
    </ClCompile>
    <ClCompile Include="ARX_HWTransform.cpp">
      <Filter>Source Files</Filter>
    </ClCompile>
    <ClCompile Include="ARX_Input.cpp">
      <Filter>Source Files</Filter>
    </ClCompile>
    <ClCompile Include="ARX_Interactive.cpp">
      <Filter>Source Files</Filter>
    </ClCompile>
    <ClCompile Include="ARX_Interface.cpp">
      <Filter>Source Files</Filter>
    </ClCompile>
    <ClCompile Include="ARX_Intro.cpp">
      <Filter>Source Files</Filter>
    </ClCompile>
    <ClCompile Include="ARX_Inventory.cpp">
      <Filter>Source Files</Filter>
    </ClCompile>
    <ClCompile Include="ARX_Levels.cpp">
      <Filter>Source Files</Filter>
    </ClCompile>
    <ClCompile Include="ARX_Menu.cpp">
      <Filter>Source Files</Filter>
    </ClCompile>
    <ClCompile Include="ARX_Menu2.cpp">
      <Filter>Source Files</Filter>
    </ClCompile>
    <ClCompile Include="ARX_MenuPublic.cpp">
      <Filter>Source Files</Filter>
    </ClCompile>
    <ClCompile Include="ARX_Minimap.cpp">
      <Filter>Source Files</Filter>
    </ClCompile>
    <ClCompile Include="ARX_Missile.cpp">
      <Filter>Source Files</Filter>
    </ClCompile>
    <ClCompile Include="ARX_Network.cpp">
      <Filter>Source Files</Filter>
    </ClCompile>
    <ClCompile Include="ARX_NPC.cpp">
      <Filter>Source Files</Filter>
    </ClCompile>
    <ClCompile Include="ARX_Particles.cpp">
      <Filter>Source Files</Filter>
    </ClCompile>
    <ClCompile Include="ARX_Paths.cpp">
      <Filter>Source Files</Filter>
    </ClCompile>
    <ClCompile Include="ARX_Physics.cpp">
      <Filter>Source Files</Filter>
    </ClCompile>
    <ClCompile Include="ARX_Player.cpp">
      <Filter>Source Files</Filter>
    </ClCompile>
    <ClCompile Include="ARX_Scene.cpp">
      <Filter>Source Files</Filter>
    </ClCompile>
    <ClCompile Include="ARX_Script.cpp">
      <Filter>Source Files</Filter>
    </ClCompile>
    <ClCompile Include="ARX_Snapshot.cpp">
      <Filter>Source Files</Filter>
    </ClCompile>
    <ClCompile Include="ARX_Sound.cpp">
      <Filter>Source Files</Filter>
    </ClCompile>
    <ClCompile Include="ARX_Special.cpp">
      <Filter>Source Files</Filter>
    </ClCompile>
    <ClCompile Include="ARX_Speech.cpp">
      <Filter>Source Files</Filter>
    </ClCompile>
    <ClCompile Include="ARX_Text.cpp">
      <Filter>Source Files</Filter>
    </ClCompile>
    <ClCompile Include="ARX_Time.cpp">
      <Filter>Source Files</Filter>
    </ClCompile>
    <ClCompile Include="ARX_ViewImage.cpp">
      <Filter>Source Files</Filter>
    </ClCompile>
    <ClCompile Include="Danae.cpp">
      <Filter>Source Files</Filter>
    </ClCompile>
    <ClCompile Include="DANAE_Debugger.cpp">
      <Filter>Source Files</Filter>
    </ClCompile>
    <ClCompile Include="DanaeDlg.cpp">
      <Filter>Source Files</Filter>
    </ClCompile>
    <ClCompile Include="DanaeSaveLoad.cpp">
      <Filter>Source Files</Filter>
    </ClCompile>
    <ClCompile Include="ARX_CSpellFx.cpp">
      <Filter>Spells</Filter>
    </ClCompile>
    <ClCompile Include="ARX_SpellFX_Lvl01.cpp">
      <Filter>Spells</Filter>
    </ClCompile>
    <ClCompile Include="ARX_SpellFX_Lvl02.cpp">
      <Filter>Spells</Filter>
    </ClCompile>
    <ClCompile Include="ARX_SpellFX_Lvl03.cpp">
      <Filter>Spells</Filter>
    </ClCompile>
    <ClCompile Include="ARX_SpellFX_Lvl04.cpp">
      <Filter>Spells</Filter>
    </ClCompile>
    <ClCompile Include="ARX_SpellFX_Lvl05.cpp">
      <Filter>Spells</Filter>
    </ClCompile>
    <ClCompile Include="ARX_SpellFX_Lvl06.cpp">
      <Filter>Spells</Filter>
    </ClCompile>
    <ClCompile Include="ARX_SpellFX_Lvl07.cpp">
      <Filter>Spells</Filter>
    </ClCompile>
    <ClCompile Include="ARX_SpellFX_Lvl08.cpp">
      <Filter>Spells</Filter>
    </ClCompile>
    <ClCompile Include="ARX_SpellFX_Lvl09.cpp">
      <Filter>Spells</Filter>
    </ClCompile>
    <ClCompile Include="ARX_SpellFX_Lvl10.cpp">
      <Filter>Spells</Filter>
    </ClCompile>
    <ClCompile Include="ARX_Spells.cpp">
      <Filter>Spells</Filter>
    </ClCompile>
    <ClCompile Include="ARX_CParticle.cpp">
      <Filter>Particles</Filter>
    </ClCompile>
    <ClCompile Include="ARX_CParticles.cpp">
      <Filter>Particles</Filter>
    </ClCompile>
    <ClCompile Include="ARX_CParticleSystem.cpp">
      <Filter>Particles</Filter>
    </ClCompile>
    <ClCompile Include="ARX_Loc.cpp">
      <Filter>Localisation</Filter>
    </ClCompile>
    <ClCompile Include="ARX_LocHash.cpp">
      <Filter>Localisation</Filter>
    </ClCompile>
    <ClCompile Include="Arx_Config.cpp">
      <Filter>Localisation\Config popup</Filter>
    </ClCompile>
  </ItemGroup>
  <ItemGroup>
    <ResourceCompile Include="DANAE.rc">
      <Filter>Source Files</Filter>
    </ResourceCompile>
    <ResourceCompile Include="winmain.rc">
      <Filter>Resource Files</Filter>
    </ResourceCompile>
  </ItemGroup>
  <ItemGroup>
    <ClInclude Include="..\Include\ARX_C_cinematique.h">
      <Filter>Header Files</Filter>
    </ClInclude>
    <ClInclude Include="..\Include\ARX_carte.h">
      <Filter>Header Files</Filter>
    </ClInclude>
    <ClInclude Include="..\Include\ARX_Cedric.h">
      <Filter>Header Files</Filter>
    </ClInclude>
    <ClInclude Include="..\Include\ARX_ChangeLevel.h">
      <Filter>Header Files</Filter>
    </ClInclude>
    <ClInclude Include="..\Include\ARX_Collisions.h">
      <Filter>Header Files</Filter>
    </ClInclude>
    <ClInclude Include="..\Include\ARX_Damages.h">
      <Filter>Header Files</Filter>
    </ClInclude>
    <ClInclude Include="..\Include\ARX_Draw.h">
      <Filter>Header Files</Filter>
    </ClInclude>
    <ClInclude Include="..\Include\ARX_Equipment.h">
      <Filter>Header Files</Filter>
    </ClInclude>
    <ClInclude Include="..\Include\ARX_Fogs.h">
      <Filter>Header Files</Filter>
    </ClInclude>
    <ClInclude Include="..\Include\ARX_FTL.h">
      <Filter>Header Files</Filter>
    </ClInclude>
    <ClInclude Include="..\Include\ARX_GlobalMods.h">
      <Filter>Header Files</Filter>
    </ClInclude>
    <ClInclude Include="ARX_HWTransform.h">
      <Filter>Header Files</Filter>
    </ClInclude>
    <ClInclude Include="..\Include\ARX_Input.h">
      <Filter>Header Files</Filter>
    </ClInclude>
    <ClInclude Include="..\Include\ARX_Interactive.h">
      <Filter>Header Files</Filter>
    </ClInclude>
    <ClInclude Include="..\Include\ARX_Interface.h">
      <Filter>Header Files</Filter>
    </ClInclude>
    <ClInclude Include="..\Include\ARX_Levels.h">
      <Filter>Header Files</Filter>
    </ClInclude>
    <ClInclude Include="..\Include\ARX_Menu.h">
      <Filter>Header Files</Filter>
    </ClInclude>
    <ClInclude Include="ARX_Menu2.h">
      <Filter>Header Files</Filter>
    </ClInclude>
    <ClInclude Include="ARX_MenuPublic.h">
      <Filter>Header Files</Filter>
    </ClInclude>
    <ClInclude Include="..\Include\ARX_Minimap.h">
      <Filter>Header Files</Filter>
    </ClInclude>
    <ClInclude Include="..\Include\ARX_Missile.h">
      <Filter>Header Files</Filter>
    </ClInclude>
    <ClInclude Include="..\Include\ARX_Network.h">
      <Filter>Header Files</Filter>
    </ClInclude>
    <ClInclude Include="..\Include\ARX_NPC.h">
      <Filter>Header Files</Filter>
    </ClInclude>
    <ClInclude Include="..\Include\ARX_Particles.h">
      <Filter>Header Files</Filter>
    </ClInclude>
    <ClInclude Include="..\Include\ARX_Paths.h">
      <Filter>Header Files</Filter>
    </ClInclude>
    <ClInclude Include="..\Include\ARX_Physics.h">
      <Filter>Header Files</Filter>
    </ClInclude>
    <ClInclude Include="..\Include\ARX_Player.h">
      <Filter>Header Files</Filter>
    </ClInclude>
    <ClInclude Include="..\Include\ARX_Scene.h">
      <Filter>Header Files</Filter>
    </ClInclude>
    <ClInclude Include="..\Include\ARX_Script.h">
      <Filter>Header Files</Filter>
    </ClInclude>
    <ClInclude Include="ARX_SnapShot.h">
      <Filter>Header Files</Filter>
    </ClInclude>
    <ClInclude Include="..\Include\ARX_Sound.h">
      <Filter>Header Files</Filter>
    </ClInclude>
    <ClInclude Include="..\Include\ARX_Special.h">
      <Filter>Header Files</Filter>
    </ClInclude>
    <ClInclude Include="..\Include\ARX_Speech.h">
      <Filter>Header Files</Filter>
    </ClInclude>
    <ClInclude Include="..\Include\ARX_Text.h">
      <Filter>Header Files</Filter>
    </ClInclude>
    <ClInclude Include="..\Include\ARX_Time.h">
      <Filter>Header Files</Filter>
    </ClInclude>
    <ClInclude Include="ARX_ViewImage.h">
      <Filter>Header Files</Filter>
    </ClInclude>
    <ClInclude Include="..\Include\Danae.h">
      <Filter>Header Files</Filter>
    </ClInclude>
    <ClInclude Include="..\Include\DANAE_Debugger.h">
      <Filter>Header Files</Filter>
    </ClInclude>
    <ClInclude Include="Danae_resource.h">
      <Filter>Header Files</Filter>
    </ClInclude>
    <ClInclude Include="..\Include\DANAE_VERSION.h">
      <Filter>Header Files</Filter>
    </ClInclude>
    <ClInclude Include="..\Include\DanaeDlg.h">
      <Filter>Header Files</Filter>
    </ClInclude>
    <ClInclude Include="..\Include\DanaeSaveLoad.h">
      <Filter>Header Files</Filter>
    </ClInclude>
    <ClInclude Include="..\Include\ARX_CSpellFx.h">
      <Filter>Spells</Filter>
    </ClInclude>
    <ClInclude Include="ARX_SpellFx.h">
      <Filter>Spells</Filter>
    </ClInclude>
    <ClInclude Include="ARX_SpellFx_Lvl01.h">
      <Filter>Spells</Filter>
    </ClInclude>
    <ClInclude Include="ARX_SpellFx_Lvl02.h">
      <Filter>Spells</Filter>
    </ClInclude>
    <ClInclude Include="ARX_SpellFx_Lvl03.h">
      <Filter>Spells</Filter>
    </ClInclude>
    <ClInclude Include="ARX_SpellFx_Lvl04.h">
      <Filter>Spells</Filter>
    </ClInclude>
    <ClInclude Include="ARX_SpellFx_Lvl05.h">
      <Filter>Spells</Filter>
    </ClInclude>
    <ClInclude Include="ARX_SpellFx_Lvl06.h">
      <Filter>Spells</Filter>
    </ClInclude>
    <ClInclude Include="ARX_SpellFx_Lvl07.h">
      <Filter>Spells</Filter>
    </ClInclude>
    <ClInclude Include="ARX_SpellFx_Lvl08.h">
      <Filter>Spells</Filter>
    </ClInclude>
    <ClInclude Include="ARX_SpellFx_Lvl09.h">
      <Filter>Spells</Filter>
    </ClInclude>
    <ClInclude Include="ARX_SpellFx_Lvl10.h">
      <Filter>Spells</Filter>
    </ClInclude>
    <ClInclude Include="..\Include\ARX_Spells.h">
      <Filter>Spells</Filter>
    </ClInclude>
    <ClInclude Include="ARX_CParticle.h">
      <Filter>Particles</Filter>
    </ClInclude>
    <ClInclude Include="..\Include\ARX_CParticleParams.h">
      <Filter>Particles</Filter>
    </ClInclude>
    <ClInclude Include="..\Include\ARX_CParticles.h">
      <Filter>Particles</Filter>
    </ClInclude>
    <ClInclude Include="..\Include\ARX_CParticleSystem.h">
      <Filter>Particles</Filter>
    </ClInclude>
    <ClInclude Include="ARX_Loc.h">
      <Filter>Localisation</Filter>
    </ClInclude>
    <ClInclude Include="ARX_LocHash.h">
      <Filter>Localisation</Filter>
    </ClInclude>
    <ClInclude Include="Arx_Config.h">
      <Filter>Localisation\Config popup</Filter>
    </ClInclude>
  </ItemGroup>
  <ItemGroup>
    <None Include="arkane_logo.bmp">
      <Filter>Resource Files</Filter>
    </None>
    <None Include="ARX.bmp">
      <Filter>Resource Files</Filter>
    </None>
    <None Include="Arx_icon_64X64.ico">
      <Filter>Resource Files</Filter>
    </None>
    <None Include="bitmap1.bmp">
      <Filter>Resource Files</Filter>
    </None>
    <None Include="bitmap2.bmp">
      <Filter>Resource Files</Filter>
    </None>
    <None Include="cursor1.cur">
      <Filter>Resource Files</Filter>
    </None>
    <None Include="Danae.bmp">
      <Filter>Resource Files</Filter>
    </None>
    <None Include="Danae.ico">
      <Filter>Resource Files</Filter>
    </None>
    <None Include="Danae_TB.bmp">
      <Filter>Resource Files</Filter>
    </None>
    <None Include="directx.ico">
      <Filter>Resource Files</Filter>
    </None>
    <None Include="icon1.ico">
      <Filter>Resource Files</Filter>
    </None>
    <None Include="icon2.ico">
      <Filter>Resource Files</Filter>
    </None>
    <None Include="pass_logo.bmp">
      <Filter>Resource Files</Filter>
    </None>
    <None Include="Presentation.bmp">
      <Filter>Resource Files</Filter>
    </None>
    <None Include="toolbar1.bmp">
      <Filter>Resource Files</Filter>
    </None>
  </ItemGroup>
</Project>