<?xml version="1.0" encoding="utf-8"?>
<Project ToolsVersion="4.0" xmlns="http://schemas.microsoft.com/developer/msbuild/2003">
  <ItemGroup>
    <Filter Include="Source Files">
      <UniqueIdentifier>{3d85b01d-3f58-4ec8-83ad-59ef0952fa17}</UniqueIdentifier>
      <Extensions>cpp;c;cxx;rc;def;r;odl;idl;hpj;bat</Extensions>
    </Filter>
    <Filter Include="Source Files\Codec Source Files">
      <UniqueIdentifier>{b7452289-0bd5-4c99-9b90-7960c3915907}</UniqueIdentifier>
    </Filter>
    <Filter Include="Source Files\Stream Source Files">
      <UniqueIdentifier>{8780eeda-4e7e-4cf7-90bc-0b1284f619cd}</UniqueIdentifier>
    </Filter>
    <Filter Include="Header Files">
      <UniqueIdentifier>{7f9a2cea-a854-4726-9f44-5284ec81c67a}</UniqueIdentifier>
      <Extensions>h;hpp;hxx;hm;inl</Extensions>
    </Filter>
    <Filter Include="Header Files\Codec Header Files">
      <UniqueIdentifier>{4c06c744-4893-4115-991c-72956c97494e}</UniqueIdentifier>
    </Filter>
    <Filter Include="Header Files\Stream Header Files">
      <UniqueIdentifier>{d76993da-f8a0-414e-8a6d-450fe5396b3a}</UniqueIdentifier>
    </Filter>
  </ItemGroup>
  <ItemGroup>
    <ClCompile Include="Athena.cpp">
      <Filter>Source Files</Filter>
    </ClCompile>
    <ClCompile Include="Athena_Ambiance.cpp">
      <Filter>Source Files</Filter>
    </ClCompile>
    <ClCompile Include="Athena_DLL.cpp">
      <Filter>Source Files</Filter>
    </ClCompile>
    <ClCompile Include="Athena_Environment.cpp">
      <Filter>Source Files</Filter>
    </ClCompile>
    <ClCompile Include="Athena_FileIO.cpp">
      <Filter>Source Files</Filter>
    </ClCompile>
    <ClCompile Include="Athena_Global.cpp">
      <Filter>Source Files</Filter>
    </ClCompile>
    <ClCompile Include="Athena_Instance.cpp">
      <Filter>Source Files</Filter>
    </ClCompile>
    <ClCompile Include="Athena_Mixer.cpp">
      <Filter>Source Files</Filter>
    </ClCompile>
    <ClCompile Include="Athena_Resource.cpp">
      <Filter>Source Files</Filter>
    </ClCompile>
    <ClCompile Include="Athena_Sample.cpp">
      <Filter>Source Files</Filter>
    </ClCompile>
    <ClCompile Include="Athena_Stream.cpp">
      <Filter>Source Files</Filter>
    </ClCompile>
    <ClCompile Include="Athena_Track.cpp">
      <Filter>Source Files</Filter>
    </ClCompile>
    <ClCompile Include="Athena_CoDec_ADPCM.cpp">
      <Filter>Source Files\Codec Source Files</Filter>
    </ClCompile>
    <ClCompile Include="Athena_Codec_RAW.cpp">
      <Filter>Source Files\Codec Source Files</Filter>
    </ClCompile>
    <ClCompile Include="Athena_Stream_ASF.cpp">
      <Filter>Source Files\Stream Source Files</Filter>
    </ClCompile>
    <ClCompile Include="Athena_Stream_WAV.cpp">
      <Filter>Source Files\Stream Source Files</Filter>
    </ClCompile>
  </ItemGroup>
  <ItemGroup>
    <ClInclude Include="Athena_Ambiance.h">
      <Filter>Header Files</Filter>
    </ClInclude>
    <ClInclude Include="Athena_Codec.h">
      <Filter>Header Files</Filter>
    </ClInclude>
    <ClInclude Include="Athena_Environment.h">
      <Filter>Header Files</Filter>
    </ClInclude>
    <ClInclude Include="Athena_FileIO.h">
      <Filter>Header Files</Filter>
    </ClInclude>
    <ClInclude Include="Athena_Global.h">
      <Filter>Header Files</Filter>
    </ClInclude>
    <ClInclude Include="Athena_Instance.h">
      <Filter>Header Files</Filter>
    </ClInclude>
    <ClInclude Include="Athena_Mixer.h">
      <Filter>Header Files</Filter>
    </ClInclude>
    <ClInclude Include="Athena_Resource.h">
      <Filter>Header Files</Filter>
    </ClInclude>
    <ClInclude Include="Athena_Sample.h">
      <Filter>Header Files</Filter>
    </ClInclude>
    <ClInclude Include="Athena_Stream.h">
      <Filter>Header Files</Filter>
    </ClInclude>
    <ClInclude Include="Athena_Codec_ADPCM.h">
      <Filter>Header Files\Codec Header Files</Filter>
    </ClInclude>
    <ClInclude Include="Athena_Codec_RAW.h">
      <Filter>Header Files\Codec Header Files</Filter>
    </ClInclude>
    <ClInclude Include="Athena_Stream_WAV.h">
      <Filter>Header Files\Stream Header Files</Filter>
    </ClInclude>
    <ClInclude Include="..\Include\Athena.h">
      <Filter>Header Files</Filter>
    </ClInclude>
    <ClInclude Include="..\Include\Athena_Types.h">
      <Filter>Header Files</Filter>
    </ClInclude>
  </ItemGroup>
  <ItemGroup>
    <CustomBuildStep Include="Athena_Track.h">
      <Filter>Header Files</Filter>
    </CustomBuildStep>
    <CustomBuildStep Include="Athena_Stream_ASF.h">
      <Filter>Header Files\Stream Header Files</Filter>
    </CustomBuildStep>
  </ItemGroup>
</Project>